
Microsoft Visual Studio Solution File, Format Version 12.00
# Visual Studio 15
VisualStudioVersion = 15.0.27703.2000
MinimumVisualStudioVersion = 10.0.40219.1
Project("{FAE04EC0-301F-11D3-BF4B-00C04F79EFBC}") = "2darrayds", "2darrayds\2darrayds.csproj", "{223B99FB-44EB-4DD9-8189-A89C23C61348}"
EndProject
Project("{FAE04EC0-301F-11D3-BF4B-00C04F79EFBC}") = "ransomnote", "ransomnote\ransomnote.csproj", "{93A38B1E-34CA-4318-8C7B-6F1DE8681EA1}"
EndProject
Project("{FAE04EC0-301F-11D3-BF4B-00C04F79EFBC}") = "maxarraysum", "maxarraysum\maxarraysum.csproj", "{00C2652B-FBD6-4146-870D-A4AB72FB87DC}"
EndProject
Project("{FAE04EC0-301F-11D3-BF4B-00C04F79EFBC}") = "abbreviation", "abbreviation\abbreviation.csproj", "{A422B5DD-C332-4BD7-A4EA-90C55D1541F2}"
EndProject
Project("{FAE04EC0-301F-11D3-BF4B-00C04F79EFBC}") = "abbreviation-dp", "abbreviation-dp\abbreviation-dp.csproj", "{A032FF46-004C-4FA4-AC72-290AFB45A923}"
EndProject
Global
	GlobalSection(SolutionConfigurationPlatforms) = preSolution
		Debug|Any CPU = Debug|Any CPU
		Release|Any CPU = Release|Any CPU
	EndGlobalSection
	GlobalSection(ProjectConfigurationPlatforms) = postSolution
		{223B99FB-44EB-4DD9-8189-A89C23C61348}.Debug|Any CPU.ActiveCfg = Debug|Any CPU
		{223B99FB-44EB-4DD9-8189-A89C23C61348}.Debug|Any CPU.Build.0 = Debug|Any CPU
		{223B99FB-44EB-4DD9-8189-A89C23C61348}.Release|Any CPU.ActiveCfg = Release|Any CPU
		{223B99FB-44EB-4DD9-8189-A89C23C61348}.Release|Any CPU.Build.0 = Release|Any CPU
		{93A38B1E-34CA-4318-8C7B-6F1DE8681EA1}.Debug|Any CPU.ActiveCfg = Debug|Any CPU
		{93A38B1E-34CA-4318-8C7B-6F1DE8681EA1}.Debug|Any CPU.Build.0 = Debug|Any CPU
		{93A38B1E-34CA-4318-8C7B-6F1DE8681EA1}.Release|Any CPU.ActiveCfg = Release|Any CPU
		{93A38B1E-34CA-4318-8C7B-6F1DE8681EA1}.Release|Any CPU.Build.0 = Release|Any CPU
		{00C2652B-FBD6-4146-870D-A4AB72FB87DC}.Debug|Any CPU.ActiveCfg = Debug|Any CPU
		{00C2652B-FBD6-4146-870D-A4AB72FB87DC}.Debug|Any CPU.Build.0 = Debug|Any CPU
		{00C2652B-FBD6-4146-870D-A4AB72FB87DC}.Release|Any CPU.ActiveCfg = Release|Any CPU
		{00C2652B-FBD6-4146-870D-A4AB72FB87DC}.Release|Any CPU.Build.0 = Release|Any CPU
		{A422B5DD-C332-4BD7-A4EA-90C55D1541F2}.Debug|Any CPU.ActiveCfg = Debug|Any CPU
		{A422B5DD-C332-4BD7-A4EA-90C55D1541F2}.Debug|Any CPU.Build.0 = Debug|Any CPU
		{A422B5DD-C332-4BD7-A4EA-90C55D1541F2}.Release|Any CPU.ActiveCfg = Release|Any CPU
		{A422B5DD-C332-4BD7-A4EA-90C55D1541F2}.Release|Any CPU.Build.0 = Release|Any CPU
		{A032FF46-004C-4FA4-AC72-290AFB45A923}.Debug|Any CPU.ActiveCfg = Debug|Any CPU
		{A032FF46-004C-4FA4-AC72-290AFB45A923}.Debug|Any CPU.Build.0 = Debug|Any CPU
		{A032FF46-004C-4FA4-AC72-290AFB45A923}.Release|Any CPU.ActiveCfg = Release|Any CPU
		{A032FF46-004C-4FA4-AC72-290AFB45A923}.Release|Any CPU.Build.0 = Release|Any CPU
	EndGlobalSection
	GlobalSection(SolutionProperties) = preSolution
		HideSolutionNode = FALSE
	EndGlobalSection
	GlobalSection(ExtensibilityGlobals) = postSolution
		SolutionGuid = {1B515CF6-F819-4E0D-8E77-779D7006B575}
	EndGlobalSection
EndGlobal
